
Microsoft Visual Studio Solution File, Format Version 12.00
# Visual Studio Version 17
VisualStudioVersion = 17.2.32630.192
MinimumVisualStudioVersion = 10.0.40219.1
Project("{2150E333-8FDC-42A3-9474-1A3956D46DE8}") = "FrontEnd", "FrontEnd", "{3D1BF2E8-DAF1-40D0-BC8B-B46A2373ECE4}"
EndProject
Project("{9A19103F-16F7-4668-BE54-9A1E7A4F7556}") = "Mango.Web", "Mango.Web\Mango.Web.csproj", "{4877CA59-AE06-4910-9A5E-8A4C6C4234A3}"
EndProject
Project("{2150E333-8FDC-42A3-9474-1A3956D46DE8}") = "Services", "Services", "{45F2ED3B-A328-4323-BA82-4EC0472BD3AA}"
EndProject
Project("{9A19103F-16F7-4668-BE54-9A1E7A4F7556}") = "Mango.Services.ProductAPI", "Mango.Services.ProductAPI\Mango.Services.ProductAPI.csproj", "{50021AB3-6C44-48FF-B0ED-689F21AA05AF}"
EndProject
Project("{9A19103F-16F7-4668-BE54-9A1E7A4F7556}") = "Mongo.Services.Identity", "Mongo.Services.Identity\Mongo.Services.Identity.csproj", "{F55BAD0A-07BB-4129-8C30-6E84A17436AF}"
EndProject
Project("{9A19103F-16F7-4668-BE54-9A1E7A4F7556}") = "Mango.Services.ShoppingCartAPI", "Mango.Services.ShoppingCartAPI\Mango.Services.ShoppingCartAPI.csproj", "{302764EA-05C8-459F-97A9-353A12A7463C}"
EndProject
Project("{9A19103F-16F7-4668-BE54-9A1E7A4F7556}") = "Mango.Services.CouponAPI", "Mango.Services.CouponAPI\Mango.Services.CouponAPI.csproj", "{49C25109-39BC-4B0B-8CA6-CF5AE7276E80}"
EndProject
Project("{2150E333-8FDC-42A3-9474-1A3956D46DE8}") = "Integration", "Integration", "{51957BF3-D56C-4643-BD52-76E4390A3445}"
EndProject
Project("{9A19103F-16F7-4668-BE54-9A1E7A4F7556}") = "Mango.MessageBus", "Mango.MessageBus\Mango.MessageBus.csproj", "{AE4F7A17-0C96-4792-8310-15991E6706EE}"
EndProject
Project("{9A19103F-16F7-4668-BE54-9A1E7A4F7556}") = "Mongo.Services.OrderAPI", "Mongo.Services.OrderAPI\Mongo.Services.OrderAPI.csproj", "{EB3FF8B6-34FE-4B1C-9A1C-698F2F5C7CF6}"
EndProject
Project("{2150E333-8FDC-42A3-9474-1A3956D46DE8}") = "Payments", "Payments", "{DD352E3F-224D-46B3-9A78-FC5B1F438CCB}"
EndProject
Project("{9A19103F-16F7-4668-BE54-9A1E7A4F7556}") = "PaymentProcessor", "PaymentProcessor\PaymentProcessor.csproj", "{2AFB48C9-598A-4EF2-A94E-F0DD25D202AC}"
EndProject
Project("{9A19103F-16F7-4668-BE54-9A1E7A4F7556}") = "Mango.Services.PaymentAPI", "Mango.Services.PaymentAPI\Mango.Services.PaymentAPI.csproj", "{69A2945F-46A9-48EE-B965-0BB5F296ED57}"
EndProject
Project("{9A19103F-16F7-4668-BE54-9A1E7A4F7556}") = "Mango.Services.Email", "Mango.Services.Email\Mango.Services.Email.csproj", "{165D1226-ED5F-49C3-B84F-F3EA2F8B6F55}"
EndProject
Project("{2150E333-8FDC-42A3-9474-1A3956D46DE8}") = "Gateway", "Gateway", "{E5160140-F4EC-4A53-8046-BAC984BB2AAF}"
EndProject
Project("{FAE04EC0-301F-11D3-BF4B-00C04F79EFBC}") = "Mango.Getway.Solution", "Mango.Getway.Solution\Mango.Getway.Solution.csproj", "{5D0F3F44-16A7-4FD9-8F13-10886808FCF4}"
EndProject
Global
	GlobalSection(SolutionConfigurationPlatforms) = preSolution
		Debug|Any CPU = Debug|Any CPU
		Release|Any CPU = Release|Any CPU
	EndGlobalSection
	GlobalSection(ProjectConfigurationPlatforms) = postSolution
		{4877CA59-AE06-4910-9A5E-8A4C6C4234A3}.Debug|Any CPU.ActiveCfg = Debug|Any CPU
		{4877CA59-AE06-4910-9A5E-8A4C6C4234A3}.Debug|Any CPU.Build.0 = Debug|Any CPU
		{4877CA59-AE06-4910-9A5E-8A4C6C4234A3}.Release|Any CPU.ActiveCfg = Release|Any CPU
		{4877CA59-AE06-4910-9A5E-8A4C6C4234A3}.Release|Any CPU.Build.0 = Release|Any CPU
		{50021AB3-6C44-48FF-B0ED-689F21AA05AF}.Debug|Any CPU.ActiveCfg = Debug|Any CPU
		{50021AB3-6C44-48FF-B0ED-689F21AA05AF}.Debug|Any CPU.Build.0 = Debug|Any CPU
		{50021AB3-6C44-48FF-B0ED-689F21AA05AF}.Release|Any CPU.ActiveCfg = Release|Any CPU
		{50021AB3-6C44-48FF-B0ED-689F21AA05AF}.Release|Any CPU.Build.0 = Release|Any CPU
		{F55BAD0A-07BB-4129-8C30-6E84A17436AF}.Debug|Any CPU.ActiveCfg = Debug|Any CPU
		{F55BAD0A-07BB-4129-8C30-6E84A17436AF}.Debug|Any CPU.Build.0 = Debug|Any CPU
		{F55BAD0A-07BB-4129-8C30-6E84A17436AF}.Release|Any CPU.ActiveCfg = Release|Any CPU
		{F55BAD0A-07BB-4129-8C30-6E84A17436AF}.Release|Any CPU.Build.0 = Release|Any CPU
		{302764EA-05C8-459F-97A9-353A12A7463C}.Debug|Any CPU.ActiveCfg = Debug|Any CPU
		{302764EA-05C8-459F-97A9-353A12A7463C}.Debug|Any CPU.Build.0 = Debug|Any CPU
		{302764EA-05C8-459F-97A9-353A12A7463C}.Release|Any CPU.ActiveCfg = Release|Any CPU
		{302764EA-05C8-459F-97A9-353A12A7463C}.Release|Any CPU.Build.0 = Release|Any CPU
		{49C25109-39BC-4B0B-8CA6-CF5AE7276E80}.Debug|Any CPU.ActiveCfg = Debug|Any CPU
		{49C25109-39BC-4B0B-8CA6-CF5AE7276E80}.Debug|Any CPU.Build.0 = Debug|Any CPU
		{49C25109-39BC-4B0B-8CA6-CF5AE7276E80}.Release|Any CPU.ActiveCfg = Release|Any CPU
		{49C25109-39BC-4B0B-8CA6-CF5AE7276E80}.Release|Any CPU.Build.0 = Release|Any CPU
		{AE4F7A17-0C96-4792-8310-15991E6706EE}.Debug|Any CPU.ActiveCfg = Debug|Any CPU
		{AE4F7A17-0C96-4792-8310-15991E6706EE}.Debug|Any CPU.Build.0 = Debug|Any CPU
		{AE4F7A17-0C96-4792-8310-15991E6706EE}.Release|Any CPU.ActiveCfg = Release|Any CPU
		{AE4F7A17-0C96-4792-8310-15991E6706EE}.Release|Any CPU.Build.0 = Release|Any CPU
		{EB3FF8B6-34FE-4B1C-9A1C-698F2F5C7CF6}.Debug|Any CPU.ActiveCfg = Debug|Any CPU
		{EB3FF8B6-34FE-4B1C-9A1C-698F2F5C7CF6}.Debug|Any CPU.Build.0 = Debug|Any CPU
		{EB3FF8B6-34FE-4B1C-9A1C-698F2F5C7CF6}.Release|Any CPU.ActiveCfg = Release|Any CPU
		{EB3FF8B6-34FE-4B1C-9A1C-698F2F5C7CF6}.Release|Any CPU.Build.0 = Release|Any CPU
		{2AFB48C9-598A-4EF2-A94E-F0DD25D202AC}.Debug|Any CPU.ActiveCfg = Debug|Any CPU
		{2AFB48C9-598A-4EF2-A94E-F0DD25D202AC}.Debug|Any CPU.Build.0 = Debug|Any CPU
		{2AFB48C9-598A-4EF2-A94E-F0DD25D202AC}.Release|Any CPU.ActiveCfg = Release|Any CPU
		{2AFB48C9-598A-4EF2-A94E-F0DD25D202AC}.Release|Any CPU.Build.0 = Release|Any CPU
		{69A2945F-46A9-48EE-B965-0BB5F296ED57}.Debug|Any CPU.ActiveCfg = Debug|Any CPU
		{69A2945F-46A9-48EE-B965-0BB5F296ED57}.Debug|Any CPU.Build.0 = Debug|Any CPU
		{69A2945F-46A9-48EE-B965-0BB5F296ED57}.Release|Any CPU.ActiveCfg = Release|Any CPU
		{69A2945F-46A9-48EE-B965-0BB5F296ED57}.Release|Any CPU.Build.0 = Release|Any CPU
		{165D1226-ED5F-49C3-B84F-F3EA2F8B6F55}.Debug|Any CPU.ActiveCfg = Debug|Any CPU
		{165D1226-ED5F-49C3-B84F-F3EA2F8B6F55}.Debug|Any CPU.Build.0 = Debug|Any CPU
		{165D1226-ED5F-49C3-B84F-F3EA2F8B6F55}.Release|Any CPU.ActiveCfg = Release|Any CPU
		{165D1226-ED5F-49C3-B84F-F3EA2F8B6F55}.Release|Any CPU.Build.0 = Release|Any CPU
		{5D0F3F44-16A7-4FD9-8F13-10886808FCF4}.Debug|Any CPU.ActiveCfg = Debug|Any CPU
		{5D0F3F44-16A7-4FD9-8F13-10886808FCF4}.Debug|Any CPU.Build.0 = Debug|Any CPU
		{5D0F3F44-16A7-4FD9-8F13-10886808FCF4}.Release|Any CPU.ActiveCfg = Release|Any CPU
		{5D0F3F44-16A7-4FD9-8F13-10886808FCF4}.Release|Any CPU.Build.0 = Release|Any CPU
	EndGlobalSection
	GlobalSection(SolutionProperties) = preSolution
		HideSolutionNode = FALSE
	EndGlobalSection
	GlobalSection(NestedProjects) = preSolution
		{4877CA59-AE06-4910-9A5E-8A4C6C4234A3} = {3D1BF2E8-DAF1-40D0-BC8B-B46A2373ECE4}
		{50021AB3-6C44-48FF-B0ED-689F21AA05AF} = {45F2ED3B-A328-4323-BA82-4EC0472BD3AA}
		{F55BAD0A-07BB-4129-8C30-6E84A17436AF} = {45F2ED3B-A328-4323-BA82-4EC0472BD3AA}
		{302764EA-05C8-459F-97A9-353A12A7463C} = {45F2ED3B-A328-4323-BA82-4EC0472BD3AA}
		{49C25109-39BC-4B0B-8CA6-CF5AE7276E80} = {45F2ED3B-A328-4323-BA82-4EC0472BD3AA}
		{AE4F7A17-0C96-4792-8310-15991E6706EE} = {51957BF3-D56C-4643-BD52-76E4390A3445}
		{EB3FF8B6-34FE-4B1C-9A1C-698F2F5C7CF6} = {45F2ED3B-A328-4323-BA82-4EC0472BD3AA}
		{2AFB48C9-598A-4EF2-A94E-F0DD25D202AC} = {DD352E3F-224D-46B3-9A78-FC5B1F438CCB}
		{69A2945F-46A9-48EE-B965-0BB5F296ED57} = {45F2ED3B-A328-4323-BA82-4EC0472BD3AA}
		{165D1226-ED5F-49C3-B84F-F3EA2F8B6F55} = {45F2ED3B-A328-4323-BA82-4EC0472BD3AA}
		{5D0F3F44-16A7-4FD9-8F13-10886808FCF4} = {E5160140-F4EC-4A53-8046-BAC984BB2AAF}
	EndGlobalSection
	GlobalSection(ExtensibilityGlobals) = postSolution
		SolutionGuid = {8FDA6C00-B020-43E1-B0DB-DFCB7D3CCE7E}
	EndGlobalSection
EndGlobal
